
Microsoft Visual Studio Solution File, Format Version 12.00
# Visual Studio Version 17
VisualStudioVersion = 17.13.35931.197 d17.13
MinimumVisualStudioVersion = 10.0.40219.1
Project("{FAE04EC0-301F-11D3-BF4B-00C04F79EFBC}") = "T1project.CoursesWebAPI", "T1project.CoursesWebAPI.csproj", "{DC801E56-4540-6E98-823A-065D1611A8D7}"
EndProject
Global
	GlobalSection(SolutionConfigurationPlatforms) = preSolution
		Debug|Any CPU = Debug|Any CPU
		Release|Any CPU = Release|Any CPU
	EndGlobalSection
	GlobalSection(ProjectConfigurationPlatforms) = postSolution
		{DC801E56-4540-6E98-823A-065D1611A8D7}.Debug|Any CPU.ActiveCfg = Debug|Any CPU
		{DC801E56-4540-6E98-823A-065D1611A8D7}.Debug|Any CPU.Build.0 = Debug|Any CPU
		{DC801E56-4540-6E98-823A-065D1611A8D7}.Release|Any CPU.ActiveCfg = Release|Any CPU
		{DC801E56-4540-6E98-823A-065D1611A8D7}.Release|Any CPU.Build.0 = Release|Any CPU
	EndGlobalSection
	GlobalSection(SolutionProperties) = preSolution
		HideSolutionNode = FALSE
	EndGlobalSection
	GlobalSection(ExtensibilityGlobals) = postSolution
		SolutionGuid = {0F844BBC-1ABC-40DD-9A01-44E44B2C2355}
	EndGlobalSection
EndGlobal
